
Microsoft Visual Studio Solution File, Format Version 12.00
# Visual Studio Version 17
VisualStudioVersion = 17.3.32929.385
MinimumVisualStudioVersion = 10.0.40219.1
Project("{FAE04EC0-301F-11D3-BF4B-00C04F79EFBC}") = "Week49MiniProject", "Week49MiniProject\Week49MiniProject.csproj", "{8888B635-3A1F-4F72-8D5F-772AA8EE70C4}"
EndProject
Global
	GlobalSection(SolutionConfigurationPlatforms) = preSolution
		Debug|Any CPU = Debug|Any CPU
		Release|Any CPU = Release|Any CPU
	EndGlobalSection
	GlobalSection(ProjectConfigurationPlatforms) = postSolution
		{8888B635-3A1F-4F72-8D5F-772AA8EE70C4}.Debug|Any CPU.ActiveCfg = Debug|Any CPU
		{8888B635-3A1F-4F72-8D5F-772AA8EE70C4}.Debug|Any CPU.Build.0 = Debug|Any CPU
		{8888B635-3A1F-4F72-8D5F-772AA8EE70C4}.Release|Any CPU.ActiveCfg = Release|Any CPU
		{8888B635-3A1F-4F72-8D5F-772AA8EE70C4}.Release|Any CPU.Build.0 = Release|Any CPU
	EndGlobalSection
	GlobalSection(SolutionProperties) = preSolution
		HideSolutionNode = FALSE
	EndGlobalSection
	GlobalSection(ExtensibilityGlobals) = postSolution
		SolutionGuid = {028ACCBB-FC8E-439E-A817-80C8785EA309}
	EndGlobalSection
EndGlobal
